<Solution>
  <Project Path="src/HealthPlatform.Domain/HealthPlatform.Domain.csproj" />
  <Project Path="src/HealthPlatform.Application/HealthPlatform.Application.csproj" />
  <Project Path="src/HealthPlatform.Infrastructure/HealthPlatform.Infrastructure.csproj" />
  <Project Path="src/HealthPlatform.API/HealthPlatform.API.csproj" />
  <Project Path="tests/HealthPlatform.Tests/HealthPlatform.Tests.csproj" />
</Solution>
