
Microsoft Visual Studio Solution File, Format Version 12.00
# Visual Studio Version 17
VisualStudioVersion = 17.0.31903.59
MinimumVisualStudioVersion = 10.0.40219.1
Project("{2150E333-8FDC-42A3-9474-1A3956D46DE8}") = "shared", "shared", "{4F52FD11-658E-A102-6CD3-7D7C16FFA15B}"
EndProject
Project("{FAE04EC0-301F-11D3-BF4B-00C04F79EFBC}") = "HealthPlatform.Shared", "shared\HealthPlatform.Shared\HealthPlatform.Shared.csproj", "{A25DE1B7-1FE8-4018-BA19-CAC43072D40D}"
EndProject
Project("{2150E333-8FDC-42A3-9474-1A3956D46DE8}") = "services", "services", "{5854FF58-B8C5-05C6-5BF2-ACE42193F22B}"
EndProject
Project("{FAE04EC0-301F-11D3-BF4B-00C04F79EFBC}") = "HealthPlatform.Admin", "services\HealthPlatform.Admin\HealthPlatform.Admin.csproj", "{F121E88C-7B79-4432-9A7F-CE8741533110}"
EndProject
Project("{FAE04EC0-301F-11D3-BF4B-00C04F79EFBC}") = "HealthPlatform.Appointment", "services\HealthPlatform.Appointment\HealthPlatform.Appointment.csproj", "{39DB4891-6EFD-449C-AC5F-130FB67E8D93}"
EndProject
Project("{FAE04EC0-301F-11D3-BF4B-00C04F79EFBC}") = "HealthPlatform.Auth", "services\HealthPlatform.Auth\HealthPlatform.Auth.csproj", "{C453296A-3D86-4CA2-8E82-5394679BA9B1}"
EndProject
Project("{FAE04EC0-301F-11D3-BF4B-00C04F79EFBC}") = "HealthPlatform.HealthRecords", "services\HealthPlatform.HealthRecords\HealthPlatform.HealthRecords.csproj", "{EA4970D7-AF13-40F9-A34C-F01B98CB378E}"
EndProject
Project("{FAE04EC0-301F-11D3-BF4B-00C04F79EFBC}") = "HealthPlatform.LabDiagnostics", "services\HealthPlatform.LabDiagnostics\HealthPlatform.LabDiagnostics.csproj", "{208B68E8-28CD-40BC-A620-98AEAB8A37D1}"
EndProject
Project("{FAE04EC0-301F-11D3-BF4B-00C04F79EFBC}") = "HealthPlatform.MaternalPediatric", "services\HealthPlatform.MaternalPediatric\HealthPlatform.MaternalPediatric.csproj", "{D2687C64-15AB-4996-ACF0-FAF7861C4C3E}"
EndProject
Project("{FAE04EC0-301F-11D3-BF4B-00C04F79EFBC}") = "HealthPlatform.MentalHealth", "services\HealthPlatform.MentalHealth\HealthPlatform.MentalHealth.csproj", "{1BFC8C20-3C5D-4865-ACD3-F89697BFECCE}"
EndProject
Project("{FAE04EC0-301F-11D3-BF4B-00C04F79EFBC}") = "HealthPlatform.Notification", "services\HealthPlatform.Notification\HealthPlatform.Notification.csproj", "{55ACBAB0-389E-40AA-BB25-CCED0C517F8D}"
EndProject
Project("{FAE04EC0-301F-11D3-BF4B-00C04F79EFBC}") = "HealthPlatform.PaymentCredit", "services\HealthPlatform.PaymentCredit\HealthPlatform.PaymentCredit.csproj", "{8188BF4A-5130-4012-B0CF-E4DCFB943F80}"
EndProject
Project("{FAE04EC0-301F-11D3-BF4B-00C04F79EFBC}") = "HealthPlatform.PharmacyInventory", "services\HealthPlatform.PharmacyInventory\HealthPlatform.PharmacyInventory.csproj", "{21E51BAF-7BAB-4100-8383-B5775933DD53}"
EndProject
Project("{FAE04EC0-301F-11D3-BF4B-00C04F79EFBC}") = "HealthPlatform.Prescription", "services\HealthPlatform.Prescription\HealthPlatform.Prescription.csproj", "{F6F87F01-9E37-4A62-859C-FE0699C1D081}"
EndProject
Project("{FAE04EC0-301F-11D3-BF4B-00C04F79EFBC}") = "HealthPlatform.QueueManagement", "services\HealthPlatform.QueueManagement\HealthPlatform.QueueManagement.csproj", "{ADBA0416-41BB-47A2-9A72-CA52CE78D716}"
EndProject
Project("{FAE04EC0-301F-11D3-BF4B-00C04F79EFBC}") = "HealthPlatform.Referral", "services\HealthPlatform.Referral\HealthPlatform.Referral.csproj", "{F476C272-E44D-4199-9060-FD866EF73B46}"
EndProject
Project("{FAE04EC0-301F-11D3-BF4B-00C04F79EFBC}") = "HealthPlatform.Search", "services\HealthPlatform.Search\HealthPlatform.Search.csproj", "{8C5D5D9B-A403-4C7A-B03E-EF7E5331EF02}"
EndProject
Project("{FAE04EC0-301F-11D3-BF4B-00C04F79EFBC}") = "HealthPlatform.Telemedicine", "services\HealthPlatform.Telemedicine\HealthPlatform.Telemedicine.csproj", "{97B755EC-50EA-4B75-B73B-4E754403A70F}"
EndProject
Project("{FAE04EC0-301F-11D3-BF4B-00C04F79EFBC}") = "HealthPlatform.UserProfile", "services\HealthPlatform.UserProfile\HealthPlatform.UserProfile.csproj", "{67B61B24-5A52-491C-8517-7BF0116C55B8}"
EndProject
Project("{FAE04EC0-301F-11D3-BF4B-00C04F79EFBC}") = "HealthPlatform.WellnessCarePlan", "services\HealthPlatform.WellnessCarePlan\HealthPlatform.WellnessCarePlan.csproj", "{94D8148C-0F11-4909-83F5-78FF2E656FB7}"
EndProject
Global
	GlobalSection(SolutionConfigurationPlatforms) = preSolution
		Debug|Any CPU = Debug|Any CPU
		Debug|x64 = Debug|x64
		Debug|x86 = Debug|x86
		Release|Any CPU = Release|Any CPU
		Release|x64 = Release|x64
		Release|x86 = Release|x86
	EndGlobalSection
	GlobalSection(ProjectConfigurationPlatforms) = postSolution
		{A25DE1B7-1FE8-4018-BA19-CAC43072D40D}.Debug|Any CPU.ActiveCfg = Debug|Any CPU
		{A25DE1B7-1FE8-4018-BA19-CAC43072D40D}.Debug|Any CPU.Build.0 = Debug|Any CPU
		{A25DE1B7-1FE8-4018-BA19-CAC43072D40D}.Debug|x64.ActiveCfg = Debug|Any CPU
		{A25DE1B7-1FE8-4018-BA19-CAC43072D40D}.Debug|x64.Build.0 = Debug|Any CPU
		{A25DE1B7-1FE8-4018-BA19-CAC43072D40D}.Debug|x86.ActiveCfg = Debug|Any CPU
		{A25DE1B7-1FE8-4018-BA19-CAC43072D40D}.Debug|x86.Build.0 = Debug|Any CPU
		{A25DE1B7-1FE8-4018-BA19-CAC43072D40D}.Release|Any CPU.ActiveCfg = Release|Any CPU
		{A25DE1B7-1FE8-4018-BA19-CAC43072D40D}.Release|Any CPU.Build.0 = Release|Any CPU
		{A25DE1B7-1FE8-4018-BA19-CAC43072D40D}.Release|x64.ActiveCfg = Release|Any CPU
		{A25DE1B7-1FE8-4018-BA19-CAC43072D40D}.Release|x64.Build.0 = Release|Any CPU
		{A25DE1B7-1FE8-4018-BA19-CAC43072D40D}.Release|x86.ActiveCfg = Release|Any CPU
		{A25DE1B7-1FE8-4018-BA19-CAC43072D40D}.Release|x86.Build.0 = Release|Any CPU
		{F121E88C-7B79-4432-9A7F-CE8741533110}.Debug|Any CPU.ActiveCfg = Debug|Any CPU
		{F121E88C-7B79-4432-9A7F-CE8741533110}.Debug|Any CPU.Build.0 = Debug|Any CPU
		{F121E88C-7B79-4432-9A7F-CE8741533110}.Debug|x64.ActiveCfg = Debug|Any CPU
		{F121E88C-7B79-4432-9A7F-CE8741533110}.Debug|x64.Build.0 = Debug|Any CPU
		{F121E88C-7B79-4432-9A7F-CE8741533110}.Debug|x86.ActiveCfg = Debug|Any CPU
		{F121E88C-7B79-4432-9A7F-CE8741533110}.Debug|x86.Build.0 = Debug|Any CPU
		{F121E88C-7B79-4432-9A7F-CE8741533110}.Release|Any CPU.ActiveCfg = Release|Any CPU
		{F121E88C-7B79-4432-9A7F-CE8741533110}.Release|Any CPU.Build.0 = Release|Any CPU
		{F121E88C-7B79-4432-9A7F-CE8741533110}.Release|x64.ActiveCfg = Release|Any CPU
		{F121E88C-7B79-4432-9A7F-CE8741533110}.Release|x64.Build.0 = Release|Any CPU
		{F121E88C-7B79-4432-9A7F-CE8741533110}.Release|x86.ActiveCfg = Release|Any CPU
		{F121E88C-7B79-4432-9A7F-CE8741533110}.Release|x86.Build.0 = Release|Any CPU
		{39DB4891-6EFD-449C-AC5F-130FB67E8D93}.Debug|Any CPU.ActiveCfg = Debug|Any CPU
		{39DB4891-6EFD-449C-AC5F-130FB67E8D93}.Debug|Any CPU.Build.0 = Debug|Any CPU
		{39DB4891-6EFD-449C-AC5F-130FB67E8D93}.Debug|x64.ActiveCfg = Debug|Any CPU
		{39DB4891-6EFD-449C-AC5F-130FB67E8D93}.Debug|x64.Build.0 = Debug|Any CPU
		{39DB4891-6EFD-449C-AC5F-130FB67E8D93}.Debug|x86.ActiveCfg = Debug|Any CPU
		{39DB4891-6EFD-449C-AC5F-130FB67E8D93}.Debug|x86.Build.0 = Debug|Any CPU
		{39DB4891-6EFD-449C-AC5F-130FB67E8D93}.Release|Any CPU.ActiveCfg = Release|Any CPU
		{39DB4891-6EFD-449C-AC5F-130FB67E8D93}.Release|Any CPU.Build.0 = Release|Any CPU
		{39DB4891-6EFD-449C-AC5F-130FB67E8D93}.Release|x64.ActiveCfg = Release|Any CPU
		{39DB4891-6EFD-449C-AC5F-130FB67E8D93}.Release|x64.Build.0 = Release|Any CPU
		{39DB4891-6EFD-449C-AC5F-130FB67E8D93}.Release|x86.ActiveCfg = Release|Any CPU
		{39DB4891-6EFD-449C-AC5F-130FB67E8D93}.Release|x86.Build.0 = Release|Any CPU
		{C453296A-3D86-4CA2-8E82-5394679BA9B1}.Debug|Any CPU.ActiveCfg = Debug|Any CPU
		{C453296A-3D86-4CA2-8E82-5394679BA9B1}.Debug|Any CPU.Build.0 = Debug|Any CPU
		{C453296A-3D86-4CA2-8E82-5394679BA9B1}.Debug|x64.ActiveCfg = Debug|Any CPU
		{C453296A-3D86-4CA2-8E82-5394679BA9B1}.Debug|x64.Build.0 = Debug|Any CPU
		{C453296A-3D86-4CA2-8E82-5394679BA9B1}.Debug|x86.ActiveCfg = Debug|Any CPU
		{C453296A-3D86-4CA2-8E82-5394679BA9B1}.Debug|x86.Build.0 = Debug|Any CPU
		{C453296A-3D86-4CA2-8E82-5394679BA9B1}.Release|Any CPU.ActiveCfg = Release|Any CPU
		{C453296A-3D86-4CA2-8E82-5394679BA9B1}.Release|Any CPU.Build.0 = Release|Any CPU
		{C453296A-3D86-4CA2-8E82-5394679BA9B1}.Release|x64.ActiveCfg = Release|Any CPU
		{C453296A-3D86-4CA2-8E82-5394679BA9B1}.Release|x64.Build.0 = Release|Any CPU
		{C453296A-3D86-4CA2-8E82-5394679BA9B1}.Release|x86.ActiveCfg = Release|Any CPU
		{C453296A-3D86-4CA2-8E82-5394679BA9B1}.Release|x86.Build.0 = Release|Any CPU
		{EA4970D7-AF13-40F9-A34C-F01B98CB378E}.Debug|Any CPU.ActiveCfg = Debug|Any CPU
		{EA4970D7-AF13-40F9-A34C-F01B98CB378E}.Debug|Any CPU.Build.0 = Debug|Any CPU
		{EA4970D7-AF13-40F9-A34C-F01B98CB378E}.Debug|x64.ActiveCfg = Debug|Any CPU
		{EA4970D7-AF13-40F9-A34C-F01B98CB378E}.Debug|x64.Build.0 = Debug|Any CPU
		{EA4970D7-AF13-40F9-A34C-F01B98CB378E}.Debug|x86.ActiveCfg = Debug|Any CPU
		{EA4970D7-AF13-40F9-A34C-F01B98CB378E}.Debug|x86.Build.0 = Debug|Any CPU
		{EA4970D7-AF13-40F9-A34C-F01B98CB378E}.Release|Any CPU.ActiveCfg = Release|Any CPU
		{EA4970D7-AF13-40F9-A34C-F01B98CB378E}.Release|Any CPU.Build.0 = Release|Any CPU
		{EA4970D7-AF13-40F9-A34C-F01B98CB378E}.Release|x64.ActiveCfg = Release|Any CPU
		{EA4970D7-AF13-40F9-A34C-F01B98CB378E}.Release|x64.Build.0 = Release|Any CPU
		{EA4970D7-AF13-40F9-A34C-F01B98CB378E}.Release|x86.ActiveCfg = Release|Any CPU
		{EA4970D7-AF13-40F9-A34C-F01B98CB378E}.Release|x86.Build.0 = Release|Any CPU
		{208B68E8-28CD-40BC-A620-98AEAB8A37D1}.Debug|Any CPU.ActiveCfg = Debug|Any CPU
		{208B68E8-28CD-40BC-A620-98AEAB8A37D1}.Debug|Any CPU.Build.0 = Debug|Any CPU
		{208B68E8-28CD-40BC-A620-98AEAB8A37D1}.Debug|x64.ActiveCfg = Debug|Any CPU
		{208B68E8-28CD-40BC-A620-98AEAB8A37D1}.Debug|x64.Build.0 = Debug|Any CPU
		{208B68E8-28CD-40BC-A620-98AEAB8A37D1}.Debug|x86.ActiveCfg = Debug|Any CPU
		{208B68E8-28CD-40BC-A620-98AEAB8A37D1}.Debug|x86.Build.0 = Debug|Any CPU
		{208B68E8-28CD-40BC-A620-98AEAB8A37D1}.Release|Any CPU.ActiveCfg = Release|Any CPU
		{208B68E8-28CD-40BC-A620-98AEAB8A37D1}.Release|Any CPU.Build.0 = Release|Any CPU
		{208B68E8-28CD-40BC-A620-98AEAB8A37D1}.Release|x64.ActiveCfg = Release|Any CPU
		{208B68E8-28CD-40BC-A620-98AEAB8A37D1}.Release|x64.Build.0 = Release|Any CPU
		{208B68E8-28CD-40BC-A620-98AEAB8A37D1}.Release|x86.ActiveCfg = Release|Any CPU
		{208B68E8-28CD-40BC-A620-98AEAB8A37D1}.Release|x86.Build.0 = Release|Any CPU
		{D2687C64-15AB-4996-ACF0-FAF7861C4C3E}.Debug|Any CPU.ActiveCfg = Debug|Any CPU
		{D2687C64-15AB-4996-ACF0-FAF7861C4C3E}.Debug|Any CPU.Build.0 = Debug|Any CPU
		{D2687C64-15AB-4996-ACF0-FAF7861C4C3E}.Debug|x64.ActiveCfg = Debug|Any CPU
		{D2687C64-15AB-4996-ACF0-FAF7861C4C3E}.Debug|x64.Build.0 = Debug|Any CPU
		{D2687C64-15AB-4996-ACF0-FAF7861C4C3E}.Debug|x86.ActiveCfg = Debug|Any CPU
		{D2687C64-15AB-4996-ACF0-FAF7861C4C3E}.Debug|x86.Build.0 = Debug|Any CPU
		{D2687C64-15AB-4996-ACF0-FAF7861C4C3E}.Release|Any CPU.ActiveCfg = Release|Any CPU
		{D2687C64-15AB-4996-ACF0-FAF7861C4C3E}.Release|Any CPU.Build.0 = Release|Any CPU
		{D2687C64-15AB-4996-ACF0-FAF7861C4C3E}.Release|x64.ActiveCfg = Release|Any CPU
		{D2687C64-15AB-4996-ACF0-FAF7861C4C3E}.Release|x64.Build.0 = Release|Any CPU
		{D2687C64-15AB-4996-ACF0-FAF7861C4C3E}.Release|x86.ActiveCfg = Release|Any CPU
		{D2687C64-15AB-4996-ACF0-FAF7861C4C3E}.Release|x86.Build.0 = Release|Any CPU
		{1BFC8C20-3C5D-4865-ACD3-F89697BFECCE}.Debug|Any CPU.ActiveCfg = Debug|Any CPU
		{1BFC8C20-3C5D-4865-ACD3-F89697BFECCE}.Debug|Any CPU.Build.0 = Debug|Any CPU
		{1BFC8C20-3C5D-4865-ACD3-F89697BFECCE}.Debug|x64.ActiveCfg = Debug|Any CPU
		{1BFC8C20-3C5D-4865-ACD3-F89697BFECCE}.Debug|x64.Build.0 = Debug|Any CPU
		{1BFC8C20-3C5D-4865-ACD3-F89697BFECCE}.Debug|x86.ActiveCfg = Debug|Any CPU
		{1BFC8C20-3C5D-4865-ACD3-F89697BFECCE}.Debug|x86.Build.0 = Debug|Any CPU
		{1BFC8C20-3C5D-4865-ACD3-F89697BFECCE}.Release|Any CPU.ActiveCfg = Release|Any CPU
		{1BFC8C20-3C5D-4865-ACD3-F89697BFECCE}.Release|Any CPU.Build.0 = Release|Any CPU
		{1BFC8C20-3C5D-4865-ACD3-F89697BFECCE}.Release|x64.ActiveCfg = Release|Any CPU
		{1BFC8C20-3C5D-4865-ACD3-F89697BFECCE}.Release|x64.Build.0 = Release|Any CPU
		{1BFC8C20-3C5D-4865-ACD3-F89697BFECCE}.Release|x86.ActiveCfg = Release|Any CPU
		{1BFC8C20-3C5D-4865-ACD3-F89697BFECCE}.Release|x86.Build.0 = Release|Any CPU
		{55ACBAB0-389E-40AA-BB25-CCED0C517F8D}.Debug|Any CPU.ActiveCfg = Debug|Any CPU
		{55ACBAB0-389E-40AA-BB25-CCED0C517F8D}.Debug|Any CPU.Build.0 = Debug|Any CPU
		{55ACBAB0-389E-40AA-BB25-CCED0C517F8D}.Debug|x64.ActiveCfg = Debug|Any CPU
		{55ACBAB0-389E-40AA-BB25-CCED0C517F8D}.Debug|x64.Build.0 = Debug|Any CPU
		{55ACBAB0-389E-40AA-BB25-CCED0C517F8D}.Debug|x86.ActiveCfg = Debug|Any CPU
		{55ACBAB0-389E-40AA-BB25-CCED0C517F8D}.Debug|x86.Build.0 = Debug|Any CPU
		{55ACBAB0-389E-40AA-BB25-CCED0C517F8D}.Release|Any CPU.ActiveCfg = Release|Any CPU
		{55ACBAB0-389E-40AA-BB25-CCED0C517F8D}.Release|Any CPU.Build.0 = Release|Any CPU
		{55ACBAB0-389E-40AA-BB25-CCED0C517F8D}.Release|x64.ActiveCfg = Release|Any CPU
		{55ACBAB0-389E-40AA-BB25-CCED0C517F8D}.Release|x64.Build.0 = Release|Any CPU
		{55ACBAB0-389E-40AA-BB25-CCED0C517F8D}.Release|x86.ActiveCfg = Release|Any CPU
		{55ACBAB0-389E-40AA-BB25-CCED0C517F8D}.Release|x86.Build.0 = Release|Any CPU
		{8188BF4A-5130-4012-B0CF-E4DCFB943F80}.Debug|Any CPU.ActiveCfg = Debug|Any CPU
		{8188BF4A-5130-4012-B0CF-E4DCFB943F80}.Debug|Any CPU.Build.0 = Debug|Any CPU
		{8188BF4A-5130-4012-B0CF-E4DCFB943F80}.Debug|x64.ActiveCfg = Debug|Any CPU
		{8188BF4A-5130-4012-B0CF-E4DCFB943F80}.Debug|x64.Build.0 = Debug|Any CPU
		{8188BF4A-5130-4012-B0CF-E4DCFB943F80}.Debug|x86.ActiveCfg = Debug|Any CPU
		{8188BF4A-5130-4012-B0CF-E4DCFB943F80}.Debug|x86.Build.0 = Debug|Any CPU
		{8188BF4A-5130-4012-B0CF-E4DCFB943F80}.Release|Any CPU.ActiveCfg = Release|Any CPU
		{8188BF4A-5130-4012-B0CF-E4DCFB943F80}.Release|Any CPU.Build.0 = Release|Any CPU
		{8188BF4A-5130-4012-B0CF-E4DCFB943F80}.Release|x64.ActiveCfg = Release|Any CPU
		{8188BF4A-5130-4012-B0CF-E4DCFB943F80}.Release|x64.Build.0 = Release|Any CPU
		{8188BF4A-5130-4012-B0CF-E4DCFB943F80}.Release|x86.ActiveCfg = Release|Any CPU
		{8188BF4A-5130-4012-B0CF-E4DCFB943F80}.Release|x86.Build.0 = Release|Any CPU
		{21E51BAF-7BAB-4100-8383-B5775933DD53}.Debug|Any CPU.ActiveCfg = Debug|Any CPU
		{21E51BAF-7BAB-4100-8383-B5775933DD53}.Debug|Any CPU.Build.0 = Debug|Any CPU
		{21E51BAF-7BAB-4100-8383-B5775933DD53}.Debug|x64.ActiveCfg = Debug|Any CPU
		{21E51BAF-7BAB-4100-8383-B5775933DD53}.Debug|x64.Build.0 = Debug|Any CPU
		{21E51BAF-7BAB-4100-8383-B5775933DD53}.Debug|x86.ActiveCfg = Debug|Any CPU
		{21E51BAF-7BAB-4100-8383-B5775933DD53}.Debug|x86.Build.0 = Debug|Any CPU
		{21E51BAF-7BAB-4100-8383-B5775933DD53}.Release|Any CPU.ActiveCfg = Release|Any CPU
		{21E51BAF-7BAB-4100-8383-B5775933DD53}.Release|Any CPU.Build.0 = Release|Any CPU
		{21E51BAF-7BAB-4100-8383-B5775933DD53}.Release|x64.ActiveCfg = Release|Any CPU
		{21E51BAF-7BAB-4100-8383-B5775933DD53}.Release|x64.Build.0 = Release|Any CPU
		{21E51BAF-7BAB-4100-8383-B5775933DD53}.Release|x86.ActiveCfg = Release|Any CPU
		{21E51BAF-7BAB-4100-8383-B5775933DD53}.Release|x86.Build.0 = Release|Any CPU
		{F6F87F01-9E37-4A62-859C-FE0699C1D081}.Debug|Any CPU.ActiveCfg = Debug|Any CPU
		{F6F87F01-9E37-4A62-859C-FE0699C1D081}.Debug|Any CPU.Build.0 = Debug|Any CPU
		{F6F87F01-9E37-4A62-859C-FE0699C1D081}.Debug|x64.ActiveCfg = Debug|Any CPU
		{F6F87F01-9E37-4A62-859C-FE0699C1D081}.Debug|x64.Build.0 = Debug|Any CPU
		{F6F87F01-9E37-4A62-859C-FE0699C1D081}.Debug|x86.ActiveCfg = Debug|Any CPU
		{F6F87F01-9E37-4A62-859C-FE0699C1D081}.Debug|x86.Build.0 = Debug|Any CPU
		{F6F87F01-9E37-4A62-859C-FE0699C1D081}.Release|Any CPU.ActiveCfg = Release|Any CPU
		{F6F87F01-9E37-4A62-859C-FE0699C1D081}.Release|Any CPU.Build.0 = Release|Any CPU
		{F6F87F01-9E37-4A62-859C-FE0699C1D081}.Release|x64.ActiveCfg = Release|Any CPU
		{F6F87F01-9E37-4A62-859C-FE0699C1D081}.Release|x64.Build.0 = Release|Any CPU
		{F6F87F01-9E37-4A62-859C-FE0699C1D081}.Release|x86.ActiveCfg = Release|Any CPU
		{F6F87F01-9E37-4A62-859C-FE0699C1D081}.Release|x86.Build.0 = Release|Any CPU
		{ADBA0416-41BB-47A2-9A72-CA52CE78D716}.Debug|Any CPU.ActiveCfg = Debug|Any CPU
		{ADBA0416-41BB-47A2-9A72-CA52CE78D716}.Debug|Any CPU.Build.0 = Debug|Any CPU
		{ADBA0416-41BB-47A2-9A72-CA52CE78D716}.Debug|x64.ActiveCfg = Debug|Any CPU
		{ADBA0416-41BB-47A2-9A72-CA52CE78D716}.Debug|x64.Build.0 = Debug|Any CPU
		{ADBA0416-41BB-47A2-9A72-CA52CE78D716}.Debug|x86.ActiveCfg = Debug|Any CPU
		{ADBA0416-41BB-47A2-9A72-CA52CE78D716}.Debug|x86.Build.0 = Debug|Any CPU
		{ADBA0416-41BB-47A2-9A72-CA52CE78D716}.Release|Any CPU.ActiveCfg = Release|Any CPU
		{ADBA0416-41BB-47A2-9A72-CA52CE78D716}.Release|Any CPU.Build.0 = Release|Any CPU
		{ADBA0416-41BB-47A2-9A72-CA52CE78D716}.Release|x64.ActiveCfg = Release|Any CPU
		{ADBA0416-41BB-47A2-9A72-CA52CE78D716}.Release|x64.Build.0 = Release|Any CPU
		{ADBA0416-41BB-47A2-9A72-CA52CE78D716}.Release|x86.ActiveCfg = Release|Any CPU
		{ADBA0416-41BB-47A2-9A72-CA52CE78D716}.Release|x86.Build.0 = Release|Any CPU
		{F476C272-E44D-4199-9060-FD866EF73B46}.Debug|Any CPU.ActiveCfg = Debug|Any CPU
		{F476C272-E44D-4199-9060-FD866EF73B46}.Debug|Any CPU.Build.0 = Debug|Any CPU
		{F476C272-E44D-4199-9060-FD866EF73B46}.Debug|x64.ActiveCfg = Debug|Any CPU
		{F476C272-E44D-4199-9060-FD866EF73B46}.Debug|x64.Build.0 = Debug|Any CPU
		{F476C272-E44D-4199-9060-FD866EF73B46}.Debug|x86.ActiveCfg = Debug|Any CPU
		{F476C272-E44D-4199-9060-FD866EF73B46}.Debug|x86.Build.0 = Debug|Any CPU
		{F476C272-E44D-4199-9060-FD866EF73B46}.Release|Any CPU.ActiveCfg = Release|Any CPU
		{F476C272-E44D-4199-9060-FD866EF73B46}.Release|Any CPU.Build.0 = Release|Any CPU
		{F476C272-E44D-4199-9060-FD866EF73B46}.Release|x64.ActiveCfg = Release|Any CPU
		{F476C272-E44D-4199-9060-FD866EF73B46}.Release|x64.Build.0 = Release|Any CPU
		{F476C272-E44D-4199-9060-FD866EF73B46}.Release|x86.ActiveCfg = Release|Any CPU
		{F476C272-E44D-4199-9060-FD866EF73B46}.Release|x86.Build.0 = Release|Any CPU
		{8C5D5D9B-A403-4C7A-B03E-EF7E5331EF02}.Debug|Any CPU.ActiveCfg = Debug|Any CPU
		{8C5D5D9B-A403-4C7A-B03E-EF7E5331EF02}.Debug|Any CPU.Build.0 = Debug|Any CPU
		{8C5D5D9B-A403-4C7A-B03E-EF7E5331EF02}.Debug|x64.ActiveCfg = Debug|Any CPU
		{8C5D5D9B-A403-4C7A-B03E-EF7E5331EF02}.Debug|x64.Build.0 = Debug|Any CPU
		{8C5D5D9B-A403-4C7A-B03E-EF7E5331EF02}.Debug|x86.ActiveCfg = Debug|Any CPU
		{8C5D5D9B-A403-4C7A-B03E-EF7E5331EF02}.Debug|x86.Build.0 = Debug|Any CPU
		{8C5D5D9B-A403-4C7A-B03E-EF7E5331EF02}.Release|Any CPU.ActiveCfg = Release|Any CPU
		{8C5D5D9B-A403-4C7A-B03E-EF7E5331EF02}.Release|Any CPU.Build.0 = Release|Any CPU
		{8C5D5D9B-A403-4C7A-B03E-EF7E5331EF02}.Release|x64.ActiveCfg = Release|Any CPU
		{8C5D5D9B-A403-4C7A-B03E-EF7E5331EF02}.Release|x64.Build.0 = Release|Any CPU
		{8C5D5D9B-A403-4C7A-B03E-EF7E5331EF02}.Release|x86.ActiveCfg = Release|Any CPU
		{8C5D5D9B-A403-4C7A-B03E-EF7E5331EF02}.Release|x86.Build.0 = Release|Any CPU
		{97B755EC-50EA-4B75-B73B-4E754403A70F}.Debug|Any CPU.ActiveCfg = Debug|Any CPU
		{97B755EC-50EA-4B75-B73B-4E754403A70F}.Debug|Any CPU.Build.0 = Debug|Any CPU
		{97B755EC-50EA-4B75-B73B-4E754403A70F}.Debug|x64.ActiveCfg = Debug|Any CPU
		{97B755EC-50EA-4B75-B73B-4E754403A70F}.Debug|x64.Build.0 = Debug|Any CPU
		{97B755EC-50EA-4B75-B73B-4E754403A70F}.Debug|x86.ActiveCfg = Debug|Any CPU
		{97B755EC-50EA-4B75-B73B-4E754403A70F}.Debug|x86.Build.0 = Debug|Any CPU
		{97B755EC-50EA-4B75-B73B-4E754403A70F}.Release|Any CPU.ActiveCfg = Release|Any CPU
		{97B755EC-50EA-4B75-B73B-4E754403A70F}.Release|Any CPU.Build.0 = Release|Any CPU
		{97B755EC-50EA-4B75-B73B-4E754403A70F}.Release|x64.ActiveCfg = Release|Any CPU
		{97B755EC-50EA-4B75-B73B-4E754403A70F}.Release|x64.Build.0 = Release|Any CPU
		{97B755EC-50EA-4B75-B73B-4E754403A70F}.Release|x86.ActiveCfg = Release|Any CPU
		{97B755EC-50EA-4B75-B73B-4E754403A70F}.Release|x86.Build.0 = Release|Any CPU
		{67B61B24-5A52-491C-8517-7BF0116C55B8}.Debug|Any CPU.ActiveCfg = Debug|Any CPU
		{67B61B24-5A52-491C-8517-7BF0116C55B8}.Debug|Any CPU.Build.0 = Debug|Any CPU
		{67B61B24-5A52-491C-8517-7BF0116C55B8}.Debug|x64.ActiveCfg = Debug|Any CPU
		{67B61B24-5A52-491C-8517-7BF0116C55B8}.Debug|x64.Build.0 = Debug|Any CPU
		{67B61B24-5A52-491C-8517-7BF0116C55B8}.Debug|x86.ActiveCfg = Debug|Any CPU
		{67B61B24-5A52-491C-8517-7BF0116C55B8}.Debug|x86.Build.0 = Debug|Any CPU
		{67B61B24-5A52-491C-8517-7BF0116C55B8}.Release|Any CPU.ActiveCfg = Release|Any CPU
		{67B61B24-5A52-491C-8517-7BF0116C55B8}.Release|Any CPU.Build.0 = Release|Any CPU
		{67B61B24-5A52-491C-8517-7BF0116C55B8}.Release|x64.ActiveCfg = Release|Any CPU
		{67B61B24-5A52-491C-8517-7BF0116C55B8}.Release|x64.Build.0 = Release|Any CPU
		{67B61B24-5A52-491C-8517-7BF0116C55B8}.Release|x86.ActiveCfg = Release|Any CPU
		{67B61B24-5A52-491C-8517-7BF0116C55B8}.Release|x86.Build.0 = Release|Any CPU
		{94D8148C-0F11-4909-83F5-78FF2E656FB7}.Debug|Any CPU.ActiveCfg = Debug|Any CPU
		{94D8148C-0F11-4909-83F5-78FF2E656FB7}.Debug|Any CPU.Build.0 = Debug|Any CPU
		{94D8148C-0F11-4909-83F5-78FF2E656FB7}.Debug|x64.ActiveCfg = Debug|Any CPU
		{94D8148C-0F11-4909-83F5-78FF2E656FB7}.Debug|x64.Build.0 = Debug|Any CPU
		{94D8148C-0F11-4909-83F5-78FF2E656FB7}.Debug|x86.ActiveCfg = Debug|Any CPU
		{94D8148C-0F11-4909-83F5-78FF2E656FB7}.Debug|x86.Build.0 = Debug|Any CPU
		{94D8148C-0F11-4909-83F5-78FF2E656FB7}.Release|Any CPU.ActiveCfg = Release|Any CPU
		{94D8148C-0F11-4909-83F5-78FF2E656FB7}.Release|Any CPU.Build.0 = Release|Any CPU
		{94D8148C-0F11-4909-83F5-78FF2E656FB7}.Release|x64.ActiveCfg = Release|Any CPU
		{94D8148C-0F11-4909-83F5-78FF2E656FB7}.Release|x64.Build.0 = Release|Any CPU
		{94D8148C-0F11-4909-83F5-78FF2E656FB7}.Release|x86.ActiveCfg = Release|Any CPU
		{94D8148C-0F11-4909-83F5-78FF2E656FB7}.Release|x86.Build.0 = Release|Any CPU
	EndGlobalSection
	GlobalSection(SolutionProperties) = preSolution
		HideSolutionNode = FALSE
	EndGlobalSection
	GlobalSection(NestedProjects) = preSolution
		{A25DE1B7-1FE8-4018-BA19-CAC43072D40D} = {4F52FD11-658E-A102-6CD3-7D7C16FFA15B}
		{F121E88C-7B79-4432-9A7F-CE8741533110} = {5854FF58-B8C5-05C6-5BF2-ACE42193F22B}
		{39DB4891-6EFD-449C-AC5F-130FB67E8D93} = {5854FF58-B8C5-05C6-5BF2-ACE42193F22B}
		{C453296A-3D86-4CA2-8E82-5394679BA9B1} = {5854FF58-B8C5-05C6-5BF2-ACE42193F22B}
		{EA4970D7-AF13-40F9-A34C-F01B98CB378E} = {5854FF58-B8C5-05C6-5BF2-ACE42193F22B}
		{208B68E8-28CD-40BC-A620-98AEAB8A37D1} = {5854FF58-B8C5-05C6-5BF2-ACE42193F22B}
		{D2687C64-15AB-4996-ACF0-FAF7861C4C3E} = {5854FF58-B8C5-05C6-5BF2-ACE42193F22B}
		{1BFC8C20-3C5D-4865-ACD3-F89697BFECCE} = {5854FF58-B8C5-05C6-5BF2-ACE42193F22B}
		{55ACBAB0-389E-40AA-BB25-CCED0C517F8D} = {5854FF58-B8C5-05C6-5BF2-ACE42193F22B}
		{8188BF4A-5130-4012-B0CF-E4DCFB943F80} = {5854FF58-B8C5-05C6-5BF2-ACE42193F22B}
		{21E51BAF-7BAB-4100-8383-B5775933DD53} = {5854FF58-B8C5-05C6-5BF2-ACE42193F22B}
		{F6F87F01-9E37-4A62-859C-FE0699C1D081} = {5854FF58-B8C5-05C6-5BF2-ACE42193F22B}
		{ADBA0416-41BB-47A2-9A72-CA52CE78D716} = {5854FF58-B8C5-05C6-5BF2-ACE42193F22B}
		{F476C272-E44D-4199-9060-FD866EF73B46} = {5854FF58-B8C5-05C6-5BF2-ACE42193F22B}
		{8C5D5D9B-A403-4C7A-B03E-EF7E5331EF02} = {5854FF58-B8C5-05C6-5BF2-ACE42193F22B}
		{97B755EC-50EA-4B75-B73B-4E754403A70F} = {5854FF58-B8C5-05C6-5BF2-ACE42193F22B}
		{67B61B24-5A52-491C-8517-7BF0116C55B8} = {5854FF58-B8C5-05C6-5BF2-ACE42193F22B}
		{94D8148C-0F11-4909-83F5-78FF2E656FB7} = {5854FF58-B8C5-05C6-5BF2-ACE42193F22B}
	EndGlobalSection
EndGlobal
